{
    "_readme": [
        "This file locks the dependencies of your project to a known state",
        "Read more about it at https://getcomposer.org/doc/01-basic-usage.md#installing-dependencies",
        "This file is @generated automatically"
    ],
    "content-hash": "655d63690c663d7d0a2cd6cef3bab90b",
    "packages": [
        {
            "name": "daniel-km/simple-iso-639-3",
            "version": "0.3.0",
            "source": {
                "type": "git",
                "url": "https://gitlab.com/Daniel-KM/Simple-ISO-639-3.git",
                "reference": "a23604ce1086952911232d39b941c7e0c009c85a"
            },
            "dist": {
                "type": "zip",
                "url": "https://gitlab.com/api/v4/projects/Daniel-KM%2FSimple-ISO-639-3/repository/archive.zip?sha=a23604ce1086952911232d39b941c7e0c009c85a",
                "reference": "a23604ce1086952911232d39b941c7e0c009c85a",
                "shasum": ""
            },
            "require": {
                "php": ">=7.0"
            },
            "require-dev": {
                "phpunit/phpunit": "^9"
            },
            "type": "library",
            "autoload": {
                "psr-4": {
                    "Iso639p3\\": "src"
                }
            },
            "notification-url": "https://packagist.org/downloads/",
            "license": [
                "CECILL-2.1"
            ],
            "authors": [
                {
                    "name": "Daniel Berthereau",
                    "email": "daniel.packagist@berthereau.net"
                }
            ],
            "description": "Convert two and three letters language codes and names from official standard sources.",
            "keywords": [
                "iso 639",
                "language code"
            ],
            "support": {
                "email": "daniel.support@berthereau.net",
                "issues": "https://gitlab.com/Daniel-KM/Simple-ISO-639-3/-/issues",
                "source": "https://gitlab.com/Daniel-KM/Simple-ISO-639-3"
            },
            "time": "2026-08-03T00:00:00+00:00"
        },
        {
            "name": "sempia/external-assets",
            "version": "1.2.0",
            "source": {
                "type": "git",
                "url": "https://gitlab.com/Sempia/composer-plugin-external-assets.git",
                "reference": "3cc732e8a84ca227efae21ab14e8ce187d0a6fd7"
            },
            "dist": {
                "type": "zip",
                "url": "https://gitlab.com/api/v4/projects/Sempia%2Fcomposer-plugin-external-assets/repository/archive.zip?sha=3cc732e8a84ca227efae21ab14e8ce187d0a6fd7",
                "reference": "3cc732e8a84ca227efae21ab14e8ce187d0a6fd7",
                "shasum": ""
            },
            "require": {
                "composer-plugin-api": "^2.0",
                "php": ">=7.2.5"
            },
            "require-dev": {
                "composer/composer": "^2.0",
                "phpunit/phpunit": "^8.5 || ^9.6"
            },
            "bin": [
                "bin/external-assets"
            ],
            "type": "composer-plugin",
            "extra": {
                "class": "Sempia\\ExternalAssets\\ExternalAssetsPlugin"
            },
            "autoload": {
                "psr-4": {
                    "Sempia\\ExternalAssets\\": "src/"
                }
            },
            "notification-url": "https://packagist.org/downloads/",
            "license": [
                "CECILL-2.1"
            ],
            "authors": [
                {
                    "name": "Daniel Berthereau",
                    "email": "Daniel.fr@Berthereau.net"
                }
            ],
            "description": "Composer plugin to download external assets (JS, CSS, fonts, images) for any PHP project",
            "homepage": "https://gitlab.com/sempia/composer-plugin-external-assets",
            "keywords": [
                "assets",
                "composer-plugin",
                "download",
                "external"
            ],
            "support": {
                "issues": "https://gitlab.com/Sempia/composer-plugin-external-assets/-/issues",
                "source": "https://gitlab.com/Sempia/composer-plugin-external-assets/-/tree/1.2.0"
            },
            "time": "2026-08-31T00:00:00+00:00"
        }
    ],
    "packages-dev": [],
    "aliases": [],
    "minimum-stability": "stable",
    "stability-flags": {},
    "prefer-stable": false,
    "prefer-lowest": false,
    "platform": {},
    "platform-dev": {},
    "plugin-api-version": "2.9.0"
}
