{
    "_readme": [
        "This file locks the dependencies of your project to a known state",
        "Read more about it at https://getcomposer.org/doc/01-basic-usage.md#installing-dependencies",
        "This file is @generated automatically"
    ],
    "content-hash": "dd5e503930f26628571eeb7bdc4ca263",
    "packages": [
        {
            "name": "components/flag-icon-css",
            "version": "3.5.0",
            "source": {
                "type": "git",
                "url": "https://github.com/lipis/flag-icon-css.git",
                "reference": "5141384c57972b0b08fc3bb67bea297321fbd799"
            },
            "dist": {
                "type": "zip",
                "url": "https://api.github.com/repos/lipis/flag-icon-css/zipball/5141384c57972b0b08fc3bb67bea297321fbd799",
                "reference": "5141384c57972b0b08fc3bb67bea297321fbd799",
                "shasum": ""
            },
            "type": "component",
            "extra": {
                "component": {
                    "name": "flag-icon-css",
                    "files": [
                        "less/**",
                        "css/**",
                        "flags/**"
                    ]
                }
            },
            "notification-url": "https://packagist.org/downloads/",
            "license": [
                "MIT"
            ],
            "authors": [
                {
                    "name": "Panayiotis Lipiridis (Lipis)",
                    "email": "lipiridis@gmail.com"
                }
            ],
            "description": "CSS for vector based country flags",
            "support": {
                "issues": "https://github.com/lipis/flag-icon-css/issues",
                "source": "https://github.com/lipis/flag-icon-css/tree/3.5.0"
            },
            "time": "2020-06-10T11:53:19+00:00"
        },
        {
            "name": "daniel-km/simple-iso-639-3",
            "version": "0.1.3",
            "source": {
                "type": "git",
                "url": "git@gitlab.com:Daniel-KM/Simple-ISO-639-3.git",
                "reference": "44c62e87d1a4382d20b4b9604c804a19ea74c39f"
            },
            "dist": {
                "type": "zip",
                "url": "https://gitlab.com/api/v4/projects/Daniel-KM%2FSimple-ISO-639-3/repository/archive.zip?sha=44c62e87d1a4382d20b4b9604c804a19ea74c39f",
                "reference": "44c62e87d1a4382d20b4b9604c804a19ea74c39f",
                "shasum": ""
            },
            "type": "library",
            "notification-url": "https://packagist.org/downloads/",
            "license": [
                "CECILL-2.1"
            ],
            "authors": [
                {
                    "name": "Daniel Berthereau",
                    "email": "daniel.packagist@berthereau.net"
                }
            ],
            "description": "Convert two and three letters language codes and names from official standard sources.",
            "keywords": [
                "iso 639",
                "language code"
            ],
            "support": {
                "email": "daniel.support@berthereau.net",
                "issues": "https://gitlab.com/Daniel-KM/Simple-ISO-639-3/-/issues",
                "source": "https://gitlab.com/Daniel-KM/Simple-ISO-639-3"
            },
            "time": "2023-05-15T00:00:00+00:00"
        },
        {
            "name": "slowprog/composer-copy-file",
            "version": "0.3.3",
            "source": {
                "type": "git",
                "url": "https://github.com/slowprog/CopyFile.git",
                "reference": "b02d55f7587577f29d355f0ce7b697f66dffc0af"
            },
            "dist": {
                "type": "zip",
                "url": "https://api.github.com/repos/slowprog/CopyFile/zipball/b02d55f7587577f29d355f0ce7b697f66dffc0af",
                "reference": "b02d55f7587577f29d355f0ce7b697f66dffc0af",
                "shasum": ""
            },
            "require": {
                "php": ">=5.6"
            },
            "require-dev": {
                "composer/composer": "1.0.*@dev",
                "mikey179/vfsstream": "~1",
                "php-mock/php-mock-phpunit": "~1",
                "phpunit/phpunit": "5.7.27",
                "symfony/filesystem": "~2.7",
                "symfony/finder": "~2.7"
            },
            "type": "library",
            "autoload": {
                "psr-4": {
                    "SlowProg\\CopyFile\\": ""
                }
            },
            "notification-url": "https://packagist.org/downloads/",
            "license": [
                "MIT"
            ],
            "authors": [
                {
                    "name": "Andrey Tyshev",
                    "email": "slowprog@gmail.com"
                }
            ],
            "description": "Composer script copying your files after install",
            "homepage": "https://github.com/SlowProg/composer-copy-file",
            "keywords": [
                "copy file"
            ],
            "support": {
                "issues": "https://github.com/slowprog/CopyFile/issues",
                "source": "https://github.com/slowprog/CopyFile/tree/0.3.3"
            },
            "time": "2020-07-02T14:44:41+00:00"
        }
    ],
    "packages-dev": [],
    "aliases": [],
    "minimum-stability": "stable",
    "stability-flags": [],
    "prefer-stable": false,
    "prefer-lowest": false,
    "platform": [],
    "platform-dev": [],
    "plugin-api-version": "2.0.0"
}
