{
    "_readme": [
        "This file locks the dependencies of your project to a known state",
        "Read more about it at https://getcomposer.org/doc/01-basic-usage.md#installing-dependencies",
        "This file is @generated automatically"
    ],
    "content-hash": "dd5e503930f26628571eeb7bdc4ca263",
    "packages": [
        {
            "name": "components/flag-icon-css",
            "version": "3.4.6",
            "source": {
                "type": "git",
                "url": "git@github.com:lipis/flag-icon-css.git",
                "reference": "f4376babc181c3753197c269b9086943ea781efc"
            },
            "dist": {
                "type": "zip",
                "url": "https://api.github.com/repos/lipis/flag-icon-css/zipball/f4376babc181c3753197c269b9086943ea781efc",
                "reference": "f4376babc181c3753197c269b9086943ea781efc",
                "shasum": ""
            },
            "type": "component",
            "extra": {
                "component": {
                    "name": "flag-icon-css",
                    "files": [
                        "less/**",
                        "css/**",
                        "flags/**"
                    ]
                }
            },
            "notification-url": "https://packagist.org/downloads/",
            "license": [
                "MIT"
            ],
            "authors": [
                {
                    "name": "Panayiotis Lipiridis (Lipis)",
                    "email": "lipiridis@gmail.com"
                }
            ],
            "description": "CSS for vector based country flags",
            "time": "2020-02-04T16:13:49+00:00"
        },
        {
            "name": "daniel-km/simple-iso-639-3",
            "version": "0.1.1",
            "source": {
                "type": "git",
                "url": "https://github.com/Daniel-KM/Simple-ISO-639-3.git",
                "reference": "1c41349ff7d0ead41e634dfc2357f58b4eac2458"
            },
            "dist": {
                "type": "zip",
                "url": "https://api.github.com/repos/Daniel-KM/Simple-ISO-639-3/zipball/1c41349ff7d0ead41e634dfc2357f58b4eac2458",
                "reference": "1c41349ff7d0ead41e634dfc2357f58b4eac2458",
                "shasum": ""
            },
            "type": "library",
            "notification-url": "https://packagist.org/downloads/",
            "license": [
                "CECILL-2.1"
            ],
            "authors": [
                {
                    "name": "Daniel Berthereau",
                    "email": "daniel.packagist@berthereau.net"
                }
            ],
            "description": "Convert two and three letters language codes and names from official standard sources.",
            "keywords": [
                "iso 639",
                "language code"
            ],
            "time": "2019-09-29T22:00:00+00:00"
        },
        {
            "name": "slowprog/composer-copy-file",
            "version": "0.3.1",
            "source": {
                "type": "git",
                "url": "https://github.com/slowprog/CopyFile.git",
                "reference": "5a82ba4613948f70b2d4b041c13c1c9259fc6477"
            },
            "dist": {
                "type": "zip",
                "url": "https://api.github.com/repos/slowprog/CopyFile/zipball/5a82ba4613948f70b2d4b041c13c1c9259fc6477",
                "reference": "5a82ba4613948f70b2d4b041c13c1c9259fc6477",
                "shasum": ""
            },
            "require": {
                "php": ">=5.6"
            },
            "require-dev": {
                "composer/composer": "1.0.*@dev",
                "mikey179/vfsstream": "~1",
                "php-mock/php-mock-phpunit": "~1",
                "phpunit/phpunit": "5.7.27",
                "symfony/filesystem": "~2.7",
                "symfony/finder": "~2.7"
            },
            "type": "library",
            "autoload": {
                "psr-4": {
                    "SlowProg\\CopyFile\\": ""
                }
            },
            "notification-url": "https://packagist.org/downloads/",
            "license": [
                "MIT"
            ],
            "authors": [
                {
                    "name": "Andrey Tyshev",
                    "email": "slowprog@gmail.com"
                }
            ],
            "description": "Composer script copying your files after install",
            "homepage": "https://github.com/SlowProg/composer-copy-file",
            "keywords": [
                "copy file"
            ],
            "time": "2019-01-10T05:06:10+00:00"
        }
    ],
    "packages-dev": [],
    "aliases": [],
    "minimum-stability": "stable",
    "stability-flags": [],
    "prefer-stable": false,
    "prefer-lowest": false,
    "platform": [],
    "platform-dev": [],
    "plugin-api-version": "1.1.0"
}
